
Microsoft Visual Studio Solution File, Format Version 12.00
# Visual Studio 14
VisualStudioVersion = 14.0.25420.1
MinimumVisualStudioVersion = 10.0.40219.1
Project("{8BC9CEB8-8B4A-11D0-8D11-00A0C91BC942}") = "TestExecutive", "TestExecutive\TestExecutive.vcxproj", "{BFC64F37-611A-48AC-B3BB-5EAB2F063AE0}"
EndProject
Project("{8BC9CEB8-8B4A-11D0-8D11-00A0C91BC942}") = "Convert", "Convert\Convert.vcxproj", "{C6413899-939E-48E8-A9E6-61C8D36C718F}"
EndProject
Project("{8BC9CEB8-8B4A-11D0-8D11-00A0C91BC942}") = "CppProperties", "CppProperties\CppProperties.vcxproj", "{AC00494F-1347-47E2-B499-0F4B984B02D7}"
EndProject
Project("{8BC9CEB8-8B4A-11D0-8D11-00A0C91BC942}") = "NoSqlDB", "NoSqlDB\NoSqlDB.vcxproj", "{E7D57AF0-5E90-4E2D-8254-1F6C19478354}"
EndProject
Project("{8BC9CEB8-8B4A-11D0-8D11-00A0C91BC942}") = "QueryManager", "QueryManager\QueryManager.vcxproj", "{C31EE489-9AB2-48FF-AAB4-B2936E7E03FA}"
EndProject
Project("{8BC9CEB8-8B4A-11D0-8D11-00A0C91BC942}") = "XmlDocument", "XmlDocument\XmlDocument\XmlDocument.vcxproj", "{0A82ECDC-7520-453A-8F2C-D813FEEE7537}"
EndProject
Global
	GlobalSection(SolutionConfigurationPlatforms) = preSolution
		Debug|x64 = Debug|x64
		Debug|x86 = Debug|x86
		Release|x64 = Release|x64
		Release|x86 = Release|x86
	EndGlobalSection
	GlobalSection(ProjectConfigurationPlatforms) = postSolution
		{BFC64F37-611A-48AC-B3BB-5EAB2F063AE0}.Debug|x64.ActiveCfg = Debug|x64
		{BFC64F37-611A-48AC-B3BB-5EAB2F063AE0}.Debug|x64.Build.0 = Debug|x64
		{BFC64F37-611A-48AC-B3BB-5EAB2F063AE0}.Debug|x86.ActiveCfg = Debug|Win32
		{BFC64F37-611A-48AC-B3BB-5EAB2F063AE0}.Debug|x86.Build.0 = Debug|Win32
		{BFC64F37-611A-48AC-B3BB-5EAB2F063AE0}.Release|x64.ActiveCfg = Release|x64
		{BFC64F37-611A-48AC-B3BB-5EAB2F063AE0}.Release|x64.Build.0 = Release|x64
		{BFC64F37-611A-48AC-B3BB-5EAB2F063AE0}.Release|x86.ActiveCfg = Release|Win32
		{BFC64F37-611A-48AC-B3BB-5EAB2F063AE0}.Release|x86.Build.0 = Release|Win32
		{C6413899-939E-48E8-A9E6-61C8D36C718F}.Debug|x64.ActiveCfg = Debug|x64
		{C6413899-939E-48E8-A9E6-61C8D36C718F}.Debug|x64.Build.0 = Debug|x64
		{C6413899-939E-48E8-A9E6-61C8D36C718F}.Debug|x86.ActiveCfg = Debug|Win32
		{C6413899-939E-48E8-A9E6-61C8D36C718F}.Debug|x86.Build.0 = Debug|Win32
		{C6413899-939E-48E8-A9E6-61C8D36C718F}.Release|x64.ActiveCfg = Release|x64
		{C6413899-939E-48E8-A9E6-61C8D36C718F}.Release|x64.Build.0 = Release|x64
		{C6413899-939E-48E8-A9E6-61C8D36C718F}.Release|x86.ActiveCfg = Release|Win32
		{C6413899-939E-48E8-A9E6-61C8D36C718F}.Release|x86.Build.0 = Release|Win32
		{AC00494F-1347-47E2-B499-0F4B984B02D7}.Debug|x64.ActiveCfg = Debug|x64
		{AC00494F-1347-47E2-B499-0F4B984B02D7}.Debug|x64.Build.0 = Debug|x64
		{AC00494F-1347-47E2-B499-0F4B984B02D7}.Debug|x86.ActiveCfg = Debug|Win32
		{AC00494F-1347-47E2-B499-0F4B984B02D7}.Debug|x86.Build.0 = Debug|Win32
		{AC00494F-1347-47E2-B499-0F4B984B02D7}.Release|x64.ActiveCfg = Release|x64
		{AC00494F-1347-47E2-B499-0F4B984B02D7}.Release|x64.Build.0 = Release|x64
		{AC00494F-1347-47E2-B499-0F4B984B02D7}.Release|x86.ActiveCfg = Release|Win32
		{AC00494F-1347-47E2-B499-0F4B984B02D7}.Release|x86.Build.0 = Release|Win32
		{E7D57AF0-5E90-4E2D-8254-1F6C19478354}.Debug|x64.ActiveCfg = Debug|x64
		{E7D57AF0-5E90-4E2D-8254-1F6C19478354}.Debug|x64.Build.0 = Debug|x64
		{E7D57AF0-5E90-4E2D-8254-1F6C19478354}.Debug|x86.ActiveCfg = Debug|Win32
		{E7D57AF0-5E90-4E2D-8254-1F6C19478354}.Debug|x86.Build.0 = Debug|Win32
		{E7D57AF0-5E90-4E2D-8254-1F6C19478354}.Release|x64.ActiveCfg = Release|x64
		{E7D57AF0-5E90-4E2D-8254-1F6C19478354}.Release|x64.Build.0 = Release|x64
		{E7D57AF0-5E90-4E2D-8254-1F6C19478354}.Release|x86.ActiveCfg = Release|Win32
		{E7D57AF0-5E90-4E2D-8254-1F6C19478354}.Release|x86.Build.0 = Release|Win32
		{C31EE489-9AB2-48FF-AAB4-B2936E7E03FA}.Debug|x64.ActiveCfg = Debug|x64
		{C31EE489-9AB2-48FF-AAB4-B2936E7E03FA}.Debug|x64.Build.0 = Debug|x64
		{C31EE489-9AB2-48FF-AAB4-B2936E7E03FA}.Debug|x86.ActiveCfg = Debug|Win32
		{C31EE489-9AB2-48FF-AAB4-B2936E7E03FA}.Debug|x86.Build.0 = Debug|Win32
		{C31EE489-9AB2-48FF-AAB4-B2936E7E03FA}.Release|x64.ActiveCfg = Release|x64
		{C31EE489-9AB2-48FF-AAB4-B2936E7E03FA}.Release|x64.Build.0 = Release|x64
		{C31EE489-9AB2-48FF-AAB4-B2936E7E03FA}.Release|x86.ActiveCfg = Release|Win32
		{C31EE489-9AB2-48FF-AAB4-B2936E7E03FA}.Release|x86.Build.0 = Release|Win32
		{0A82ECDC-7520-453A-8F2C-D813FEEE7537}.Debug|x64.ActiveCfg = Debug|Win32
		{0A82ECDC-7520-453A-8F2C-D813FEEE7537}.Debug|x86.ActiveCfg = Debug|Win32
		{0A82ECDC-7520-453A-8F2C-D813FEEE7537}.Debug|x86.Build.0 = Debug|Win32
		{0A82ECDC-7520-453A-8F2C-D813FEEE7537}.Release|x64.ActiveCfg = Release|Win32
		{0A82ECDC-7520-453A-8F2C-D813FEEE7537}.Release|x86.ActiveCfg = Release|Win32
		{0A82ECDC-7520-453A-8F2C-D813FEEE7537}.Release|x86.Build.0 = Release|Win32
	EndGlobalSection
	GlobalSection(SolutionProperties) = preSolution
		HideSolutionNode = FALSE
	EndGlobalSection
EndGlobal
